{
  "version": 1,
  "dependencies": {
    "net10.0-windows10.0.26100": {
      "DalamudPackager": {
        "type": "Direct",
        "requested": "[14.0.1, )",
        "resolved": "14.0.1",
        "contentHash": "y0WWyUE6dhpGdolK3iKgwys05/nZaVf4ZPtIjpLhJBZvHxkkiE23zYRo7K7uqAgoK/QvK5cqF6l3VG5AbgC6KA=="
      },
      "DotNet.ReproducibleBuilds": {
        "type": "Direct",
        "requested": "[1.2.39, )",
        "resolved": "1.2.39",
        "contentHash": "fcFN01tDTIQqDuTwr1jUQK/geofiwjG5DycJQOnC72i1SsLAk1ELe+apBOuZ11UMQG8YKFZG1FgvjZPbqHyatg=="
      },
      "ECommons": {
        "type": "Direct",
        "requested": "[3.1.0.13, )",
        "resolved": "3.1.0.13",
        "contentHash": "h7IvgmSOniX1hXorHogX43hDg7aoneyzWKrPEY9qbN3/By4oc1Z5MgQCeoSp1vloSbbf1MQg1h+/DyNtlpYv2A=="
      }
    }
  }
}